// !$*UTF8*$!
{
	archiveVersion = 1;
	classes = {
	};
	objectVersion = 56;
	objects = {

/* Begin PBXBuildFile section */
		385E670A2A21490600E7EF5D /* String.swift in Sources */ = {isa = PBXBuildFile; fileRef = 385E67092A21490600E7EF5D /* String.swift */; };
		385E670C2A21493E00E7EF5D /* LoginView.swift in Sources */ = {isa = PBXBuildFile; fileRef = 385E670B2A21493E00E7EF5D /* LoginView.swift */; };
		385E670E2A21497F00E7EF5D /* SignupView.swift in Sources */ = {isa = PBXBuildFile; fileRef = 385E670D2A21497F00E7EF5D /* SignupView.swift */; };
		385E67102A2149D800E7EF5D /* AuthView.swift in Sources */ = {isa = PBXBuildFile; fileRef = 385E670F2A2149D800E7EF5D /* AuthView.swift */; };
		385E67132A215BA800E7EF5D /* GoogleService-Info.plist in Resources */ = {isa = PBXBuildFile; fileRef = 385E67122A215BA800E7EF5D /* GoogleService-Info.plist */; };
		385E67162A215DDE00E7EF5D /* FirebaseAuth in Frameworks */ = {isa = PBXBuildFile; productRef = 385E67152A215DDE00E7EF5D /* FirebaseAuth */; };
		385E67182A215DDE00E7EF5D /* FirebaseFirestore in Frameworks */ = {isa = PBXBuildFile; productRef = 385E67172A215DDE00E7EF5D /* FirebaseFirestore */; };
		38A9BDA82A1D80ED00E56437 /* JournalApp.swift in Sources */ = {isa = PBXBuildFile; fileRef = 38A9BDA72A1D80ED00E56437 /* JournalApp.swift */; };
		38A9BDAA2A1D80ED00E56437 /* ContentView.swift in Sources */ = {isa = PBXBuildFile; fileRef = 38A9BDA92A1D80ED00E56437 /* ContentView.swift */; };
		38A9BDAC2A1D80EF00E56437 /* Assets.xcassets in Resources */ = {isa = PBXBuildFile; fileRef = 38A9BDAB2A1D80EF00E56437 /* Assets.xcassets */; };
		38A9BDAF2A1D80EF00E56437 /* Preview Assets.xcassets in Resources */ = {isa = PBXBuildFile; fileRef = 38A9BDAE2A1D80EF00E56437 /* Preview Assets.xcassets */; };
		38A9BDB72A1D814B00E56437 /* SlidingTabView in Frameworks */ = {isa = PBXBuildFile; productRef = 38A9BDB62A1D814B00E56437 /* SlidingTabView */; };
		38BFAB732A2190C700DE95C1 /* RecordView.swift in Sources */ = {isa = PBXBuildFile; fileRef = 38BFAB722A2190C700DE95C1 /* RecordView.swift */; };
		38BFAB752A22291E00DE95C1 /* Recording.swift in Sources */ = {isa = PBXBuildFile; fileRef = 38BFAB742A22291E00DE95C1 /* Recording.swift */; };
		38FAE2DD2A6ADA3200520E29 /* FirebaseStorage in Frameworks */ = {isa = PBXBuildFile; productRef = 38FAE2DC2A6ADA3200520E29 /* FirebaseStorage */; };
/* End PBXBuildFile section */

/* Begin PBXFileReference section */
		385E67092A21490600E7EF5D /* String.swift */ = {isa = PBXFileReference; lastKnownFileType = sourcecode.swift; path = String.swift; sourceTree = "<group>"; };
		385E670B2A21493E00E7EF5D /* LoginView.swift */ = {isa = PBXFileReference; lastKnownFileType = sourcecode.swift; name = LoginView.swift; path = JournalApp/Views/LoginView.swift; sourceTree = SOURCE_ROOT; };
		385E670D2A21497F00E7EF5D /* SignupView.swift */ = {isa = PBXFileReference; lastKnownFileType = sourcecode.swift; name = SignupView.swift; path = JournalApp/Views/SignupView.swift; sourceTree = SOURCE_ROOT; };
		385E670F2A2149D800E7EF5D /* AuthView.swift */ = {isa = PBXFileReference; lastKnownFileType = sourcecode.swift; name = AuthView.swift; path = JournalApp/Views/AuthView.swift; sourceTree = SOURCE_ROOT; };
		385E67122A215BA800E7EF5D /* GoogleService-Info.plist */ = {isa = PBXFileReference; fileEncoding = 4; lastKnownFileType = text.plist.xml; path = "GoogleService-Info.plist"; sourceTree = "<group>"; };
		38A9BDA42A1D80ED00E56437 /* JournalApp.app */ = {isa = PBXFileReference; explicitFileType = wrapper.application; includeInIndex = 0; path = JournalApp.app; sourceTree = BUILT_PRODUCTS_DIR; };
		38A9BDA72A1D80ED00E56437 /* JournalApp.swift */ = {isa = PBXFileReference; lastKnownFileType = sourcecode.swift; path = JournalApp.swift; sourceTree = "<group>"; };
		38A9BDA92A1D80ED00E56437 /* ContentView.swift */ = {isa = PBXFileReference; lastKnownFileType = sourcecode.swift; path = ContentView.swift; sourceTree = "<group>"; };
		38A9BDAB2A1D80EF00E56437 /* Assets.xcassets */ = {isa = PBXFileReference; lastKnownFileType = folder.assetcatalog; path = Assets.xcassets; sourceTree = "<group>"; };
		38A9BDAE2A1D80EF00E56437 /* Preview Assets.xcassets */ = {isa = PBXFileReference; lastKnownFileType = folder.assetcatalog; path = "Preview Assets.xcassets"; sourceTree = "<group>"; };
		38BFAB722A2190C700DE95C1 /* RecordView.swift */ = {isa = PBXFileReference; lastKnownFileType = sourcecode.swift; path = RecordView.swift; sourceTree = SOURCE_ROOT; };
		38BFAB742A22291E00DE95C1 /* Recording.swift */ = {isa = PBXFileReference; lastKnownFileType = sourcecode.swift; path = Recording.swift; sourceTree = SOURCE_ROOT; };
		38FAE2DA2A6AAEE100520E29 /* Info.plist */ = {isa = PBXFileReference; lastKnownFileType = text.plist; path = Info.plist; sourceTree = "<group>"; };
/* End PBXFileReference section */

/* Begin PBXFrameworksBuildPhase section */
		38A9BDA12A1D80ED00E56437 /* Frameworks */ = {
			isa = PBXFrameworksBuildPhase;
			buildActionMask = 2147483647;
			files = (
				38A9BDB72A1D814B00E56437 /* SlidingTabView in Frameworks */,
				38FAE2DD2A6ADA3200520E29 /* FirebaseStorage in Frameworks */,
				385E67162A215DDE00E7EF5D /* FirebaseAuth in Frameworks */,
				385E67182A215DDE00E7EF5D /* FirebaseFirestore in Frameworks */,
			);
			runOnlyForDeploymentPostprocessing = 0;
		};
/* End PBXFrameworksBuildPhase section */

/* Begin PBXGroup section */
		385E67042A213C1D00E7EF5D /* Views */ = {
			isa = PBXGroup;
			children = (
				38BFAB722A2190C700DE95C1 /* RecordView.swift */,
				385E670D2A21497F00E7EF5D /* SignupView.swift */,
				385E670B2A21493E00E7EF5D /* LoginView.swift */,
				38A9BDA92A1D80ED00E56437 /* ContentView.swift */,
				385E670F2A2149D800E7EF5D /* AuthView.swift */,
				38A9BDA72A1D80ED00E56437 /* JournalApp.swift */,
			);
			path = Views;
			sourceTree = "<group>";
		};
		385E67112A214AF900E7EF5D /* Extension */ = {
			isa = PBXGroup;
			children = (
				385E67092A21490600E7EF5D /* String.swift */,
			);
			path = Extension;
			sourceTree = "<group>";
		};
		38A9BD9B2A1D80ED00E56437 = {
			isa = PBXGroup;
			children = (
				38A9BDA62A1D80ED00E56437 /* JournalApp */,
				38A9BDA52A1D80ED00E56437 /* Products */,
				38FAE2DB2A6ADA3200520E29 /* Frameworks */,
			);
			sourceTree = "<group>";
		};
		38A9BDA52A1D80ED00E56437 /* Products */ = {
			isa = PBXGroup;
			children = (
				38A9BDA42A1D80ED00E56437 /* JournalApp.app */,
			);
			name = Products;
			sourceTree = "<group>";
		};
		38A9BDA62A1D80ED00E56437 /* JournalApp */ = {
			isa = PBXGroup;
			children = (
				38FAE2DA2A6AAEE100520E29 /* Info.plist */,
				38BFAB742A22291E00DE95C1 /* Recording.swift */,
				385E67122A215BA800E7EF5D /* GoogleService-Info.plist */,
				385E67112A214AF900E7EF5D /* Extension */,
				385E67042A213C1D00E7EF5D /* Views */,
				38A9BDAB2A1D80EF00E56437 /* Assets.xcassets */,
				38A9BDAD2A1D80EF00E56437 /* Preview Content */,
			);
			path = JournalApp;
			sourceTree = "<group>";
		};
		38A9BDAD2A1D80EF00E56437 /* Preview Content */ = {
			isa = PBXGroup;
			children = (
				38A9BDAE2A1D80EF00E56437 /* Preview Assets.xcassets */,
			);
			path = "Preview Content";
			sourceTree = "<group>";
		};
		38FAE2DB2A6ADA3200520E29 /* Frameworks */ = {
			isa = PBXGroup;
			children = (
			);
			name = Frameworks;
			sourceTree = "<group>";
		};
/* End PBXGroup section */

/* Begin PBXNativeTarget section */
		38A9BDA32A1D80ED00E56437 /* JournalApp */ = {
			isa = PBXNativeTarget;
			buildConfigurationList = 38A9BDB22A1D80EF00E56437 /* Build configuration list for PBXNativeTarget "JournalApp" */;
			buildPhases = (
				38A9BDA02A1D80ED00E56437 /* Sources */,
				38A9BDA12A1D80ED00E56437 /* Frameworks */,
				38A9BDA22A1D80ED00E56437 /* Resources */,
			);
			buildRules = (
			);
			dependencies = (
			);
			name = JournalApp;
			packageProductDependencies = (
				38A9BDB62A1D814B00E56437 /* SlidingTabView */,
				385E67152A215DDE00E7EF5D /* FirebaseAuth */,
				385E67172A215DDE00E7EF5D /* FirebaseFirestore */,
				38FAE2DC2A6ADA3200520E29 /* FirebaseStorage */,
			);
			productName = JournalApp;
			productReference = 38A9BDA42A1D80ED00E56437 /* JournalApp.app */;
			productType = "com.apple.product-type.application";
		};
/* End PBXNativeTarget section */

/* Begin PBXProject section */
		38A9BD9C2A1D80ED00E56437 /* Project object */ = {
			isa = PBXProject;
			attributes = {
				BuildIndependentTargetsInParallel = 1;
				LastSwiftUpdateCheck = 1420;
				LastUpgradeCheck = 1420;
				TargetAttributes = {
					38A9BDA32A1D80ED00E56437 = {
						CreatedOnToolsVersion = 14.2;
					};
				};
			};
			buildConfigurationList = 38A9BD9F2A1D80ED00E56437 /* Build configuration list for PBXProject "JournalApp" */;
			compatibilityVersion = "Xcode 14.0";
			developmentRegion = en;
			hasScannedForEncodings = 0;
			knownRegions = (
				en,
				Base,
			);
			mainGroup = 38A9BD9B2A1D80ED00E56437;
			packageReferences = (
				38A9BDB52A1D814B00E56437 /* XCRemoteSwiftPackageReference "SlidingTabView" */,
				385E67142A215DDD00E7EF5D /* XCRemoteSwiftPackageReference "firebase-ios-sdk" */,
			);
			productRefGroup = 38A9BDA52A1D80ED00E56437 /* Products */;
			projectDirPath = "";
			projectRoot = "";
			targets = (
				38A9BDA32A1D80ED00E56437 /* JournalApp */,
			);
		};
/* End PBXProject section */

/* Begin PBXResourcesBuildPhase section */
		38A9BDA22A1D80ED00E56437 /* Resources */ = {
			isa = PBXResourcesBuildPhase;
			buildActionMask = 2147483647;
			files = (
				38A9BDAF2A1D80EF00E56437 /* Preview Assets.xcassets in Resources */,
				385E67132A215BA800E7EF5D /* GoogleService-Info.plist in Resources */,
				38A9BDAC2A1D80EF00E56437 /* Assets.xcassets in Resources */,
			);
			runOnlyForDeploymentPostprocessing = 0;
		};
/* End PBXResourcesBuildPhase section */

/* Begin PBXSourcesBuildPhase section */
		38A9BDA02A1D80ED00E56437 /* Sources */ = {
			isa = PBXSourcesBuildPhase;
			buildActionMask = 2147483647;
			files = (
				385E67102A2149D800E7EF5D /* AuthView.swift in Sources */,
				385E670E2A21497F00E7EF5D /* SignupView.swift in Sources */,
				38A9BDAA2A1D80ED00E56437 /* ContentView.swift in Sources */,
				38BFAB732A2190C700DE95C1 /* RecordView.swift in Sources */,
				385E670A2A21490600E7EF5D /* String.swift in Sources */,
				385E670C2A21493E00E7EF5D /* LoginView.swift in Sources */,
				38A9BDA82A1D80ED00E56437 /* JournalApp.swift in Sources */,
				38BFAB752A22291E00DE95C1 /* Recording.swift in Sources */,
			);
			runOnlyForDeploymentPostprocessing = 0;
		};
/* End PBXSourcesBuildPhase section */

/* Begin XCBuildConfiguration section */
		38A9BDB02A1D80EF00E56437 /* Debug */ = {
			isa = XCBuildConfiguration;
			buildSettings = {
				ALWAYS_SEARCH_USER_PATHS = NO;
				CLANG_ANALYZER_NONNULL = YES;
				CLANG_ANALYZER_NUMBER_OBJECT_CONVERSION = YES_AGGRESSIVE;
				CLANG_CXX_LANGUAGE_STANDARD = "gnu++20";
				CLANG_ENABLE_MODULES = YES;
				CLANG_ENABLE_OBJC_ARC = YES;
				CLANG_ENABLE_OBJC_WEAK = YES;
				CLANG_WARN_BLOCK_CAPTURE_AUTORELEASING = YES;
				CLANG_WARN_BOOL_CONVERSION = YES;
				CLANG_WARN_COMMA = YES;
				CLANG_WARN_CONSTANT_CONVERSION = YES;
				CLANG_WARN_DEPRECATED_OBJC_IMPLEMENTATIONS = YES;
				CLANG_WARN_DIRECT_OBJC_ISA_USAGE = YES_ERROR;
				CLANG_WARN_DOCUMENTATION_COMMENTS = YES;
				CLANG_WARN_EMPTY_BODY = YES;
				CLANG_WARN_ENUM_CONVERSION = YES;
				CLANG_WARN_INFINITE_RECURSION = YES;
				CLANG_WARN_INT_CONVERSION = YES;
				CLANG_WARN_NON_LITERAL_NULL_CONVERSION = YES;
				CLANG_WARN_OBJC_IMPLICIT_RETAIN_SELF = YES;
				CLANG_WARN_OBJC_LITERAL_CONVERSION = YES;
				CLANG_WARN_OBJC_ROOT_CLASS = YES_ERROR;
				CLANG_WARN_QUOTED_INCLUDE_IN_FRAMEWORK_HEADER = YES;
				CLANG_WARN_RANGE_LOOP_ANALYSIS = YES;
				CLANG_WARN_STRICT_PROTOTYPES = YES;
				CLANG_WARN_SUSPICIOUS_MOVE = YES;
				CLANG_WARN_UNGUARDED_AVAILABILITY = YES_AGGRESSIVE;
				CLANG_WARN_UNREACHABLE_CODE = YES;
				CLANG_WARN__DUPLICATE_METHOD_MATCH = YES;
				COPY_PHASE_STRIP = NO;
				DEBUG_INFORMATION_FORMAT = dwarf;
				ENABLE_STRICT_OBJC_MSGSEND = YES;
				ENABLE_TESTABILITY = YES;
				GCC_C_LANGUAGE_STANDARD = gnu11;
				GCC_DYNAMIC_NO_PIC = NO;
				GCC_NO_COMMON_BLOCKS = YES;
				GCC_OPTIMIZATION_LEVEL = 0;
				GCC_PREPROCESSOR_DEFINITIONS = (
					"DEBUG=1",
					"$(inherited)",
				);
				GCC_WARN_64_TO_32_BIT_CONVERSION = YES;
				GCC_WARN_ABOUT_RETURN_TYPE = YES_ERROR;
				GCC_WARN_UNDECLARED_SELECTOR = YES;
				GCC_WARN_UNINITIALIZED_AUTOS = YES_AGGRESSIVE;
				GCC_WARN_UNUSED_FUNCTION = YES;
				GCC_WARN_UNUSED_VARIABLE = YES;
				HEADER_SEARCH_PATHS = (
					HEADER_SEARCH_PATHS,
					"=",
					"\"${SRCROOT}/Pods/Firebase/CoreOnly/Sources\"",
				);
				IPHONEOS_DEPLOYMENT_TARGET = 16.2;
				MTL_ENABLE_DEBUG_INFO = INCLUDE_SOURCE;
				MTL_FAST_MATH = YES;
				ONLY_ACTIVE_ARCH = YES;
				SDKROOT = iphoneos;
				SWIFT_ACTIVE_COMPILATION_CONDITIONS = DEBUG;
				SWIFT_OPTIMIZATION_LEVEL = "-Onone";
			};
			name = Debug;
		};
		38A9BDB12A1D80EF00E56437 /* Release */ = {
			isa = XCBuildConfiguration;
			buildSettings = {
				ALWAYS_SEARCH_USER_PATHS = NO;
				CLANG_ANALYZER_NONNULL = YES;
				CLANG_ANALYZER_NUMBER_OBJECT_CONVERSION = YES_AGGRESSIVE;
				CLANG_CXX_LANGUAGE_STANDARD = "gnu++20";
				CLANG_ENABLE_MODULES = YES;
				CLANG_ENABLE_OBJC_ARC = YES;
				CLANG_ENABLE_OBJC_WEAK = YES;
				CLANG_WARN_BLOCK_CAPTURE_AUTORELEASING = YES;
				CLANG_WARN_BOOL_CONVERSION = YES;
				CLANG_WARN_COMMA = YES;
				CLANG_WARN_CONSTANT_CONVERSION = YES;
				CLANG_WARN_DEPRECATED_OBJC_IMPLEMENTATIONS = YES;
				CLANG_WARN_DIRECT_OBJC_ISA_USAGE = YES_ERROR;
				CLANG_WARN_DOCUMENTATION_COMMENTS = YES;
				CLANG_WARN_EMPTY_BODY = YES;
				CLANG_WARN_ENUM_CONVERSION = YES;
				CLANG_WARN_INFINITE_RECURSION = YES;
				CLANG_WARN_INT_CONVERSION = YES;
				CLANG_WARN_NON_LITERAL_NULL_CONVERSION = YES;
				CLANG_WARN_OBJC_IMPLICIT_RETAIN_SELF = YES;
				CLANG_WARN_OBJC_LITERAL_CONVERSION = YES;
				CLANG_WARN_OBJC_ROOT_CLASS = YES_ERROR;
				CLANG_WARN_QUOTED_INCLUDE_IN_FRAMEWORK_HEADER = YES;
				CLANG_WARN_RANGE_LOOP_ANALYSIS = YES;
				CLANG_WARN_STRICT_PROTOTYPES = YES;
				CLANG_WARN_SUSPICIOUS_MOVE = YES;
				CLANG_WARN_UNGUARDED_AVAILABILITY = YES_AGGRESSIVE;
				CLANG_WARN_UNREACHABLE_CODE = YES;
				CLANG_WARN__DUPLICATE_METHOD_MATCH = YES;
				COPY_PHASE_STRIP = NO;
				DEBUG_INFORMATION_FORMAT = "dwarf-with-dsym";
				ENABLE_NS_ASSERTIONS = NO;
				ENABLE_STRICT_OBJC_MSGSEND = YES;
				GCC_C_LANGUAGE_STANDARD = gnu11;
				GCC_NO_COMMON_BLOCKS = YES;
				GCC_WARN_64_TO_32_BIT_CONVERSION = YES;
				GCC_WARN_ABOUT_RETURN_TYPE = YES_ERROR;
				GCC_WARN_UNDECLARED_SELECTOR = YES;
				GCC_WARN_UNINITIALIZED_AUTOS = YES_AGGRESSIVE;
				GCC_WARN_UNUSED_FUNCTION = YES;
				GCC_WARN_UNUSED_VARIABLE = YES;
				HEADER_SEARCH_PATHS = (
					HEADER_SEARCH_PATHS,
					"=",
					"\"${SRCROOT}/Pods/Firebase/CoreOnly/Sources\"",
				);
				IPHONEOS_DEPLOYMENT_TARGET = 16.2;
				MTL_ENABLE_DEBUG_INFO = NO;
				MTL_FAST_MATH = YES;
				SDKROOT = iphoneos;
				SWIFT_COMPILATION_MODE = wholemodule;
				SWIFT_OPTIMIZATION_LEVEL = "-O";
				VALIDATE_PRODUCT = YES;
			};
			name = Release;
		};
		38A9BDB32A1D80EF00E56437 /* Debug */ = {
			isa = XCBuildConfiguration;
			buildSettings = {
				ASSETCATALOG_COMPILER_APPICON_NAME = AppIcon;
				ASSETCATALOG_COMPILER_GLOBAL_ACCENT_COLOR_NAME = AccentColor;
				CODE_SIGN_STYLE = Automatic;
				CURRENT_PROJECT_VERSION = 1;
				DEVELOPMENT_ASSET_PATHS = "\"JournalApp/Preview Content\"";
				DEVELOPMENT_TEAM = UX9T3R6839;
				ENABLE_PREVIEWS = YES;
				GENERATE_INFOPLIST_FILE = YES;
				HEADER_SEARCH_PATHS = (
					HEADER_SEARCH_PATHS,
					"=",
					"\"${SRCROOT}/Pods/Firebase/CoreOnly/Sources\"",
				);
				INFOPLIST_FILE = JournalApp/Info.plist;
				INFOPLIST_KEY_UIApplicationSceneManifest_Generation = YES;
				INFOPLIST_KEY_UIApplicationSupportsIndirectInputEvents = YES;
				INFOPLIST_KEY_UILaunchScreen_Generation = YES;
				INFOPLIST_KEY_UISupportedInterfaceOrientations_iPad = "UIInterfaceOrientationPortrait UIInterfaceOrientationPortraitUpsideDown UIInterfaceOrientationLandscapeLeft UIInterfaceOrientationLandscapeRight";
				INFOPLIST_KEY_UISupportedInterfaceOrientations_iPhone = "UIInterfaceOrientationPortrait UIInterfaceOrientationLandscapeLeft UIInterfaceOrientationLandscapeRight";
				LD_RUNPATH_SEARCH_PATHS = (
					"$(inherited)",
					"@executable_path/Frameworks",
				);
				MARKETING_VERSION = 1.0;
				PRODUCT_BUNDLE_IDENTIFIER = com.grey.JournalApp;
				PRODUCT_NAME = "$(TARGET_NAME)";
				SWIFT_EMIT_LOC_STRINGS = YES;
				SWIFT_VERSION = 5.0;
				TARGETED_DEVICE_FAMILY = "1,2";
			};
			name = Debug;
		};
		38A9BDB42A1D80EF00E56437 /* Release */ = {
			isa = XCBuildConfiguration;
			buildSettings = {
				ASSETCATALOG_COMPILER_APPICON_NAME = AppIcon;
				ASSETCATALOG_COMPILER_GLOBAL_ACCENT_COLOR_NAME = AccentColor;
				CODE_SIGN_STYLE = Automatic;
				CURRENT_PROJECT_VERSION = 1;
				DEVELOPMENT_ASSET_PATHS = "\"JournalApp/Preview Content\"";
				DEVELOPMENT_TEAM = UX9T3R6839;
				ENABLE_PREVIEWS = YES;
				GENERATE_INFOPLIST_FILE = YES;
				HEADER_SEARCH_PATHS = (
					HEADER_SEARCH_PATHS,
					"=",
					"\"${SRCROOT}/Pods/Firebase/CoreOnly/Sources\"",
				);
				INFOPLIST_FILE = JournalApp/Info.plist;
				INFOPLIST_KEY_UIApplicationSceneManifest_Generation = YES;
				INFOPLIST_KEY_UIApplicationSupportsIndirectInputEvents = YES;
				INFOPLIST_KEY_UILaunchScreen_Generation = YES;
				INFOPLIST_KEY_UISupportedInterfaceOrientations_iPad = "UIInterfaceOrientationPortrait UIInterfaceOrientationPortraitUpsideDown UIInterfaceOrientationLandscapeLeft UIInterfaceOrientationLandscapeRight";
				INFOPLIST_KEY_UISupportedInterfaceOrientations_iPhone = "UIInterfaceOrientationPortrait UIInterfaceOrientationLandscapeLeft UIInterfaceOrientationLandscapeRight";
				LD_RUNPATH_SEARCH_PATHS = (
					"$(inherited)",
					"@executable_path/Frameworks",
				);
				MARKETING_VERSION = 1.0;
				PRODUCT_BUNDLE_IDENTIFIER = com.grey.JournalApp;
				PRODUCT_NAME = "$(TARGET_NAME)";
				SWIFT_EMIT_LOC_STRINGS = YES;
				SWIFT_VERSION = 5.0;
				TARGETED_DEVICE_FAMILY = "1,2";
			};
			name = Release;
		};
/* End XCBuildConfiguration section */

/* Begin XCConfigurationList section */
		38A9BD9F2A1D80ED00E56437 /* Build configuration list for PBXProject "JournalApp" */ = {
			isa = XCConfigurationList;
			buildConfigurations = (
				38A9BDB02A1D80EF00E56437 /* Debug */,
				38A9BDB12A1D80EF00E56437 /* Release */,
			);
			defaultConfigurationIsVisible = 0;
			defaultConfigurationName = Release;
		};
		38A9BDB22A1D80EF00E56437 /* Build configuration list for PBXNativeTarget "JournalApp" */ = {
			isa = XCConfigurationList;
			buildConfigurations = (
				38A9BDB32A1D80EF00E56437 /* Debug */,
				38A9BDB42A1D80EF00E56437 /* Release */,
			);
			defaultConfigurationIsVisible = 0;
			defaultConfigurationName = Release;
		};
/* End XCConfigurationList section */

/* Begin XCRemoteSwiftPackageReference section */
		385E67142A215DDD00E7EF5D /* XCRemoteSwiftPackageReference "firebase-ios-sdk" */ = {
			isa = XCRemoteSwiftPackageReference;
			repositoryURL = "https://github.com/firebase/firebase-ios-sdk";
			requirement = {
				kind = exactVersion;
				version = 8.13.0;
			};
		};
		38A9BDB52A1D814B00E56437 /* XCRemoteSwiftPackageReference "SlidingTabView" */ = {
			isa = XCRemoteSwiftPackageReference;
			repositoryURL = "https://github.com/QuynhNguyen/SlidingTabView.git";
			requirement = {
				kind = upToNextMajorVersion;
				minimumVersion = 1.0.0;
			};
		};
/* End XCRemoteSwiftPackageReference section */

/* Begin XCSwiftPackageProductDependency section */
		385E67152A215DDE00E7EF5D /* FirebaseAuth */ = {
			isa = XCSwiftPackageProductDependency;
			package = 385E67142A215DDD00E7EF5D /* XCRemoteSwiftPackageReference "firebase-ios-sdk" */;
			productName = FirebaseAuth;
		};
		385E67172A215DDE00E7EF5D /* FirebaseFirestore */ = {
			isa = XCSwiftPackageProductDependency;
			package = 385E67142A215DDD00E7EF5D /* XCRemoteSwiftPackageReference "firebase-ios-sdk" */;
			productName = FirebaseFirestore;
		};
		38A9BDB62A1D814B00E56437 /* SlidingTabView */ = {
			isa = XCSwiftPackageProductDependency;
			package = 38A9BDB52A1D814B00E56437 /* XCRemoteSwiftPackageReference "SlidingTabView" */;
			productName = SlidingTabView;
		};
		38FAE2DC2A6ADA3200520E29 /* FirebaseStorage */ = {
			isa = XCSwiftPackageProductDependency;
			package = 385E67142A215DDD00E7EF5D /* XCRemoteSwiftPackageReference "firebase-ios-sdk" */;
			productName = FirebaseStorage;
		};
/* End XCSwiftPackageProductDependency section */
	};
	rootObject = 38A9BD9C2A1D80ED00E56437 /* Project object */;
}
